
Microsoft Visual Studio Solution File, Format Version 12.00
# Visual Studio Version 16
VisualStudioVersion = 16.0.31729.503
MinimumVisualStudioVersion = 10.0.40219.1
Project("{FAE04EC0-301F-11D3-BF4B-00C04F79EFBC}") = "AmazonImgDownloader", "AmazonImgDownloader\AmazonImgDownloader.csproj", "{6A414081-CE69-4A83-A3C6-D422A224F48B}"
EndProject
Global
	GlobalSection(SolutionConfigurationPlatforms) = preSolution
		Debug|Any CPU = Debug|Any CPU
		Release|Any CPU = Release|Any CPU
	EndGlobalSection
	GlobalSection(ProjectConfigurationPlatforms) = postSolution
		{6A414081-CE69-4A83-A3C6-D422A224F48B}.Debug|Any CPU.ActiveCfg = Debug|Any CPU
		{6A414081-CE69-4A83-A3C6-D422A224F48B}.Debug|Any CPU.Build.0 = Debug|Any CPU
		{6A414081-CE69-4A83-A3C6-D422A224F48B}.Release|Any CPU.ActiveCfg = Release|Any CPU
		{6A414081-CE69-4A83-A3C6-D422A224F48B}.Release|Any CPU.Build.0 = Release|Any CPU
	EndGlobalSection
	GlobalSection(SolutionProperties) = preSolution
		HideSolutionNode = FALSE
	EndGlobalSection
	GlobalSection(ExtensibilityGlobals) = postSolution
		SolutionGuid = {63961189-546A-46A3-8243-C0B3F8B33DFB}
	EndGlobalSection
EndGlobal
